
Microsoft Visual Studio Solution File, Format Version 12.00
# Visual Studio Version 17
VisualStudioVersion = 17.4.33213.308
MinimumVisualStudioVersion = 10.0.40219.1
Project("{9A19103F-16F7-4668-BE54-9A1E7A4F7556}") = "Geography_testCA", "Geography_testCA\Geography_testCA.csproj", "{AD0FB87B-70BB-43CE-887E-FAF6D7E7B5FD}"
EndProject
Project("{FAE04EC0-301F-11D3-BF4B-00C04F79EFBC}") = "Geography_testClassLibrary", "Geography_testClassLibrary\Geography_testClassLibrary.csproj", "{03617A93-BE04-447D-8E24-D3810F7A6B7C}"
EndProject
Global
	GlobalSection(SolutionConfigurationPlatforms) = preSolution
		Debug|Any CPU = Debug|Any CPU
		Release|Any CPU = Release|Any CPU
	EndGlobalSection
	GlobalSection(ProjectConfigurationPlatforms) = postSolution
		{AD0FB87B-70BB-43CE-887E-FAF6D7E7B5FD}.Debug|Any CPU.ActiveCfg = Debug|Any CPU
		{AD0FB87B-70BB-43CE-887E-FAF6D7E7B5FD}.Debug|Any CPU.Build.0 = Debug|Any CPU
		{AD0FB87B-70BB-43CE-887E-FAF6D7E7B5FD}.Release|Any CPU.ActiveCfg = Release|Any CPU
		{AD0FB87B-70BB-43CE-887E-FAF6D7E7B5FD}.Release|Any CPU.Build.0 = Release|Any CPU
		{03617A93-BE04-447D-8E24-D3810F7A6B7C}.Debug|Any CPU.ActiveCfg = Debug|Any CPU
		{03617A93-BE04-447D-8E24-D3810F7A6B7C}.Debug|Any CPU.Build.0 = Debug|Any CPU
		{03617A93-BE04-447D-8E24-D3810F7A6B7C}.Release|Any CPU.ActiveCfg = Release|Any CPU
		{03617A93-BE04-447D-8E24-D3810F7A6B7C}.Release|Any CPU.Build.0 = Release|Any CPU
	EndGlobalSection
	GlobalSection(SolutionProperties) = preSolution
		HideSolutionNode = FALSE
	EndGlobalSection
	GlobalSection(ExtensibilityGlobals) = postSolution
		SolutionGuid = {F9C53C72-A579-40ED-AC8F-E8134D172C67}
	EndGlobalSection
EndGlobal
